
Microsoft Visual Studio Solution File, Format Version 12.00
# Visual Studio 15
VisualStudioVersion = 15.0.27428.2027
MinimumVisualStudioVersion = 10.0.40219.1
Project("{FAE04EC0-301F-11D3-BF4B-00C04F79EFBC}") = "MasterBuddy", "MasterBuddy\MasterBuddy.csproj", "{6FCA2573-B131-4EEA-9151-57C481682AA1}"
EndProject
Project("{FAE04EC0-301F-11D3-BF4B-00C04F79EFBC}") = "MasterBuddyEntity", "MasterBuddyEntity\MasterBuddyEntity.csproj", "{8A23349D-8B21-4E4A-895D-DE590F4666C3}"
EndProject
Project("{FAE04EC0-301F-11D3-BF4B-00C04F79EFBC}") = "MasterBuddyDM", "MasterBuddyDM\MasterBuddyDM.csproj", "{3A0A747A-7BDC-47DC-B146-315869CAAD8B}"
EndProject
Project("{FAE04EC0-301F-11D3-BF4B-00C04F79EFBC}") = "MasterBuddyBM", "MasterBuddyBM\MasterBuddyBM.csproj", "{2ECDD928-5508-4B37-A4A7-FD10BD5CD3DF}"
EndProject
Project("{FAE04EC0-301F-11D3-BF4B-00C04F79EFBC}") = "MasterBuddyAPI", "MasterBuddyAPI\MasterBuddyAPI.csproj", "{EF889D40-D794-4340-B9F2-4FAAD5DF4091}"
EndProject
Global
	GlobalSection(SolutionConfigurationPlatforms) = preSolution
		Debug|Any CPU = Debug|Any CPU
		Release|Any CPU = Release|Any CPU
	EndGlobalSection
	GlobalSection(ProjectConfigurationPlatforms) = postSolution
		{6FCA2573-B131-4EEA-9151-57C481682AA1}.Debug|Any CPU.ActiveCfg = Debug|Any CPU
		{6FCA2573-B131-4EEA-9151-57C481682AA1}.Debug|Any CPU.Build.0 = Debug|Any CPU
		{6FCA2573-B131-4EEA-9151-57C481682AA1}.Release|Any CPU.ActiveCfg = Release|Any CPU
		{6FCA2573-B131-4EEA-9151-57C481682AA1}.Release|Any CPU.Build.0 = Release|Any CPU
		{8A23349D-8B21-4E4A-895D-DE590F4666C3}.Debug|Any CPU.ActiveCfg = Debug|Any CPU
		{8A23349D-8B21-4E4A-895D-DE590F4666C3}.Debug|Any CPU.Build.0 = Debug|Any CPU
		{8A23349D-8B21-4E4A-895D-DE590F4666C3}.Release|Any CPU.ActiveCfg = Release|Any CPU
		{8A23349D-8B21-4E4A-895D-DE590F4666C3}.Release|Any CPU.Build.0 = Release|Any CPU
		{3A0A747A-7BDC-47DC-B146-315869CAAD8B}.Debug|Any CPU.ActiveCfg = Debug|Any CPU
		{3A0A747A-7BDC-47DC-B146-315869CAAD8B}.Debug|Any CPU.Build.0 = Debug|Any CPU
		{3A0A747A-7BDC-47DC-B146-315869CAAD8B}.Release|Any CPU.ActiveCfg = Release|Any CPU
		{3A0A747A-7BDC-47DC-B146-315869CAAD8B}.Release|Any CPU.Build.0 = Release|Any CPU
		{2ECDD928-5508-4B37-A4A7-FD10BD5CD3DF}.Debug|Any CPU.ActiveCfg = Debug|Any CPU
		{2ECDD928-5508-4B37-A4A7-FD10BD5CD3DF}.Debug|Any CPU.Build.0 = Debug|Any CPU
		{2ECDD928-5508-4B37-A4A7-FD10BD5CD3DF}.Release|Any CPU.ActiveCfg = Release|Any CPU
		{2ECDD928-5508-4B37-A4A7-FD10BD5CD3DF}.Release|Any CPU.Build.0 = Release|Any CPU
		{EF889D40-D794-4340-B9F2-4FAAD5DF4091}.Debug|Any CPU.ActiveCfg = Debug|Any CPU
		{EF889D40-D794-4340-B9F2-4FAAD5DF4091}.Debug|Any CPU.Build.0 = Debug|Any CPU
		{EF889D40-D794-4340-B9F2-4FAAD5DF4091}.Release|Any CPU.ActiveCfg = Release|Any CPU
		{EF889D40-D794-4340-B9F2-4FAAD5DF4091}.Release|Any CPU.Build.0 = Release|Any CPU
	EndGlobalSection
	GlobalSection(SolutionProperties) = preSolution
		HideSolutionNode = FALSE
	EndGlobalSection
	GlobalSection(ExtensibilityGlobals) = postSolution
		EnterpriseLibraryConfigurationToolBinariesPath = packages\EnterpriseLibrary.Data.5.0.505.0\lib\NET35
		EnterpriseLibraryConfigurationToolBinariesPathV6 = packages\EnterpriseLibrary.Common.6.0.1304.0\lib\NET45;packages\EnterpriseLibrary.Data.6.0.1304.0\lib\NET45
		SolutionGuid = {78BC0839-F68D-475F-9BBB-F68EA0A42CCC}
	EndGlobalSection
EndGlobal
